
Microsoft Visual Studio Solution File, Format Version 12.00
# Visual Studio Version 16
VisualStudioVersion = 16.0.31019.35
MinimumVisualStudioVersion = 10.0.40219.1
Project("{00D1A9C2-B5F0-4AF3-8072-F6C62B433612}") = "DbProject", "DbProject\DbProject.sqlproj", "{B2B7E4E2-BA13-420A-ACEA-F8A37AE6CBB7}"
EndProject
Project("{FAE04EC0-301F-11D3-BF4B-00C04F79EFBC}") = "EFProject", "EFProject\EFProject.csproj", "{9A6BBB72-E97F-41F2-BB53-6961E04DBBAD}"
EndProject
Global
	GlobalSection(SolutionConfigurationPlatforms) = preSolution
		Debug|Any CPU = Debug|Any CPU
		Release|Any CPU = Release|Any CPU
	EndGlobalSection
	GlobalSection(ProjectConfigurationPlatforms) = postSolution
		{B2B7E4E2-BA13-420A-ACEA-F8A37AE6CBB7}.Debug|Any CPU.ActiveCfg = Debug|Any CPU
		{B2B7E4E2-BA13-420A-ACEA-F8A37AE6CBB7}.Debug|Any CPU.Build.0 = Debug|Any CPU
		{B2B7E4E2-BA13-420A-ACEA-F8A37AE6CBB7}.Debug|Any CPU.Deploy.0 = Debug|Any CPU
		{B2B7E4E2-BA13-420A-ACEA-F8A37AE6CBB7}.Release|Any CPU.ActiveCfg = Release|Any CPU
		{B2B7E4E2-BA13-420A-ACEA-F8A37AE6CBB7}.Release|Any CPU.Build.0 = Release|Any CPU
		{B2B7E4E2-BA13-420A-ACEA-F8A37AE6CBB7}.Release|Any CPU.Deploy.0 = Release|Any CPU
		{9A6BBB72-E97F-41F2-BB53-6961E04DBBAD}.Debug|Any CPU.ActiveCfg = Debug|Any CPU
		{9A6BBB72-E97F-41F2-BB53-6961E04DBBAD}.Debug|Any CPU.Build.0 = Debug|Any CPU
		{9A6BBB72-E97F-41F2-BB53-6961E04DBBAD}.Release|Any CPU.ActiveCfg = Release|Any CPU
		{9A6BBB72-E97F-41F2-BB53-6961E04DBBAD}.Release|Any CPU.Build.0 = Release|Any CPU
	EndGlobalSection
	GlobalSection(SolutionProperties) = preSolution
		HideSolutionNode = FALSE
	EndGlobalSection
	GlobalSection(ExtensibilityGlobals) = postSolution
		SolutionGuid = {4DEA1314-E800-45A7-8A1C-907080951D57}
	EndGlobalSection
EndGlobal
